
Microsoft Visual Studio Solution File, Format Version 12.00
# Visual Studio Version 17
VisualStudioVersion = 17.3.32825.248
MinimumVisualStudioVersion = 10.0.40219.1
Project("{FAE04EC0-301F-11D3-BF4B-00C04F79EFBC}") = "R3xLib", "R3xLib.csproj", "{0E5546C8-B323-4F17-B3D4-1E8C93224B7D}"
EndProject
Global
	GlobalSection(SolutionConfigurationPlatforms) = preSolution
		Debug|Any CPU = Debug|Any CPU
		Release|Any CPU = Release|Any CPU
	EndGlobalSection
	GlobalSection(ProjectConfigurationPlatforms) = postSolution
		{0E5546C8-B323-4F17-B3D4-1E8C93224B7D}.Debug|Any CPU.ActiveCfg = Debug|Any CPU
		{0E5546C8-B323-4F17-B3D4-1E8C93224B7D}.Debug|Any CPU.Build.0 = Debug|Any CPU
		{0E5546C8-B323-4F17-B3D4-1E8C93224B7D}.Release|Any CPU.ActiveCfg = Release|Any CPU
		{0E5546C8-B323-4F17-B3D4-1E8C93224B7D}.Release|Any CPU.Build.0 = Release|Any CPU
	EndGlobalSection
	GlobalSection(SolutionProperties) = preSolution
		HideSolutionNode = FALSE
	EndGlobalSection
	GlobalSection(ExtensibilityGlobals) = postSolution
		SolutionGuid = {145B4423-2C8F-4386-AD0B-9FC8E8FBB728}
	EndGlobalSection
EndGlobal
